
Microsoft Visual Studio Solution File, Format Version 12.00
# Visual Studio Version 17
VisualStudioVersion = 17.13.35825.156 d17.13
MinimumVisualStudioVersion = 10.0.40219.1
Project("{FAE04EC0-301F-11D3-BF4B-00C04F79EFBC}") = "practicaPrestamos4", "practicaPrestamos4\practicaPrestamos4.csproj", "{034E7780-6A33-431B-944E-02C394335A5B}"
EndProject
Global
	GlobalSection(SolutionConfigurationPlatforms) = preSolution
		Debug|Any CPU = Debug|Any CPU
		Release|Any CPU = Release|Any CPU
	EndGlobalSection
	GlobalSection(ProjectConfigurationPlatforms) = postSolution
		{034E7780-6A33-431B-944E-02C394335A5B}.Debug|Any CPU.ActiveCfg = Debug|Any CPU
		{034E7780-6A33-431B-944E-02C394335A5B}.Debug|Any CPU.Build.0 = Debug|Any CPU
		{034E7780-6A33-431B-944E-02C394335A5B}.Release|Any CPU.ActiveCfg = Release|Any CPU
		{034E7780-6A33-431B-944E-02C394335A5B}.Release|Any CPU.Build.0 = Release|Any CPU
	EndGlobalSection
	GlobalSection(SolutionProperties) = preSolution
		HideSolutionNode = FALSE
	EndGlobalSection
	GlobalSection(ExtensibilityGlobals) = postSolution
		SolutionGuid = {E43EAD56-28B2-4242-991C-92934F82DC19}
	EndGlobalSection
EndGlobal
